
Microsoft Visual Studio Solution File, Format Version 12.00
# Visual Studio 2012
Project("{FAE04EC0-301F-11D3-BF4B-00C04F79EFBC}") = "Entities", "Entities\Entities.csproj", "{988B0397-1955-4A53-91BA-08224649FFEE}"
EndProject
Project("{FAE04EC0-301F-11D3-BF4B-00C04F79EFBC}") = "Client", "Client\Client.csproj", "{7AD8A5E2-FBC4-4DA9-8EBF-10533E18EC55}"
EndProject
Project("{FAE04EC0-301F-11D3-BF4B-00C04F79EFBC}") = "Repositories", "Repositories\Repositories.csproj", "{79FBE89F-4E99-4BAC-BEA6-6728BDA581C2}"
EndProject
Global
	GlobalSection(SolutionConfigurationPlatforms) = preSolution
		Debug|Any CPU = Debug|Any CPU
		Release|Any CPU = Release|Any CPU
	EndGlobalSection
	GlobalSection(ProjectConfigurationPlatforms) = postSolution
		{988B0397-1955-4A53-91BA-08224649FFEE}.Debug|Any CPU.ActiveCfg = Debug|Any CPU
		{988B0397-1955-4A53-91BA-08224649FFEE}.Debug|Any CPU.Build.0 = Debug|Any CPU
		{988B0397-1955-4A53-91BA-08224649FFEE}.Release|Any CPU.ActiveCfg = Release|Any CPU
		{988B0397-1955-4A53-91BA-08224649FFEE}.Release|Any CPU.Build.0 = Release|Any CPU
		{7AD8A5E2-FBC4-4DA9-8EBF-10533E18EC55}.Debug|Any CPU.ActiveCfg = Debug|Any CPU
		{7AD8A5E2-FBC4-4DA9-8EBF-10533E18EC55}.Debug|Any CPU.Build.0 = Debug|Any CPU
		{7AD8A5E2-FBC4-4DA9-8EBF-10533E18EC55}.Release|Any CPU.ActiveCfg = Release|Any CPU
		{7AD8A5E2-FBC4-4DA9-8EBF-10533E18EC55}.Release|Any CPU.Build.0 = Release|Any CPU
		{79FBE89F-4E99-4BAC-BEA6-6728BDA581C2}.Debug|Any CPU.ActiveCfg = Debug|Any CPU
		{79FBE89F-4E99-4BAC-BEA6-6728BDA581C2}.Debug|Any CPU.Build.0 = Debug|Any CPU
		{79FBE89F-4E99-4BAC-BEA6-6728BDA581C2}.Release|Any CPU.ActiveCfg = Release|Any CPU
		{79FBE89F-4E99-4BAC-BEA6-6728BDA581C2}.Release|Any CPU.Build.0 = Release|Any CPU
	EndGlobalSection
	GlobalSection(SolutionProperties) = preSolution
		HideSolutionNode = FALSE
	EndGlobalSection
EndGlobal
